{
  "name": "@advanced-rest-client/cookies-list-items",
  "version": "3.0.1",
  "lockfileVersion": 1,
  "requires": true,
  "dependencies": {
    "@advanced-rest-client/arc-fit-mixin": {
      "version": "1.0.2",
      "resolved": "https://registry.npmjs.org/@advanced-rest-client/arc-fit-mixin/-/arc-fit-mixin-1.0.2.tgz",
      "integrity": "sha512-0srOPDmdleSj3gnCmJvsu35ahpviPIT4BhwZH7dRpX5E6ySgegC0ybXsd8Jq+7zl0xLGuxoQy+m8BqFyHuzmqg=="
    },
    "@advanced-rest-client/arc-icons": {
      "version": "3.0.5",
      "resolved": "https://registry.npmjs.org/@advanced-rest-client/arc-icons/-/arc-icons-3.0.5.tgz",
      "integrity": "sha512-PfgjY9JtzZceFStU9XBDFTLFXMI28hsxfA8v0rMKLTaT8IiV8PeE55whRmZTfj2EemTj3cPJfZYMat3KAlT7gg==",
      "requires": {
        "@polymer/iron-icon": "^3.0.0",
        "@polymer/iron-iconset-svg": "^3.0.0",
        "lit-element": "^2.2.1"
      }
    },
    "@advanced-rest-client/arc-overlay-mixin": {
      "version": "1.0.3",
      "resolved": "https://registry.npmjs.org/@advanced-rest-client/arc-overlay-mixin/-/arc-overlay-mixin-1.0.3.tgz",
      "integrity": "sha512-LX8+sSwIZ3PCHP7qSO6m7oOtPeIxhYD549fkDh0legiW/NfVbt8XJwMjN053QMJMN8l76GRdfnUfUisI+1LFFg==",
      "requires": {
        "@advanced-rest-client/arc-fit-mixin": "^1.0.2",
        "@advanced-rest-client/arc-resizable-mixin": "^1.0.0"
      }
    },
    "@advanced-rest-client/arc-resizable-mixin": {
      "version": "1.0.0",
      "resolved": "https://registry.npmjs.org/@advanced-rest-client/arc-resizable-mixin/-/arc-resizable-mixin-1.0.0.tgz",
      "integrity": "sha512-xQFafw0mk/6MHBLQSZ9YLLRJ7jb+wZsmAnAAqdrurjSIAQWxmKajLd7EaLhtup3spKGLGvI3xHk2ahyQ7xxbPQ=="
    },
    "@anypoint-web-components/anypoint-button": {
      "version": "1.0.15",
      "resolved": "https://registry.npmjs.org/@anypoint-web-components/anypoint-button/-/anypoint-button-1.0.15.tgz",
      "integrity": "sha512-sJgAVp6gH64Yt/DddvAPWHai6f/Nd9Nz0N+0obHElQiFwv+Z6YkHcEXTfkRZ6w4dSSzCc+xDn7BXZRQ54g/h8Q==",
      "requires": {
        "@anypoint-web-components/anypoint-control-mixins": "^1.0.2",
        "@polymer/paper-ripple": "^3.0.1",
        "lit-element": "^2.2.1"
      }
    },
    "@anypoint-web-components/anypoint-control-mixins": {
      "version": "1.0.2",
      "resolved": "https://registry.npmjs.org/@anypoint-web-components/anypoint-control-mixins/-/anypoint-control-mixins-1.0.2.tgz",
      "integrity": "sha512-L/uN9NQ/NfnfJ+DreLMEhQo6QKRmGlrgvzq6z9c15V4TFm3K/SnYDXMpn9GpMtLeBpM0E/Quu4Vb25n23SYzHA==",
      "requires": {
        "@polymer/polymer": "^3.3.0"
      }
    },
    "@anypoint-web-components/anypoint-dropdown": {
      "version": "1.0.0",
      "resolved": "https://registry.npmjs.org/@anypoint-web-components/anypoint-dropdown/-/anypoint-dropdown-1.0.0.tgz",
      "integrity": "sha512-0JF122GGtfrrAMcBjGWWKEhTuAj0JkubT9bsuGGEjQLtCTdEvi0D3SBphE8LqmHhuPmsQ2mzeLsUBmwwi35FbQ==",
      "requires": {
        "@advanced-rest-client/arc-overlay-mixin": "^1.0.3",
        "@anypoint-web-components/anypoint-control-mixins": "^1.0.1",
        "lit-element": "^2.0.1",
        "lit-html": "^1.0.0"
      }
    },
    "@anypoint-web-components/anypoint-input": {
      "version": "0.2.13",
      "resolved": "https://registry.npmjs.org/@anypoint-web-components/anypoint-input/-/anypoint-input-0.2.13.tgz",
      "integrity": "sha512-q7lpyqHO6qZwnHaaOkXf1RtbSD5lZFmmn5Db3Uynj26ErEfkBfms1SppQkhCeHnUGCeX+J+9C28ub8uX4Hn8lQ==",
      "requires": {
        "@advanced-rest-client/arc-icons": "^3.0.5",
        "@anypoint-web-components/anypoint-button": "^1.0.15",
        "@anypoint-web-components/anypoint-control-mixins": "^1.0.2",
        "@anypoint-web-components/validatable-mixin": "^1.0.2",
        "@polymer/iron-icon": "^3.0.1",
        "lit-element": "^2.0.1",
        "lit-html": "^1.1.2"
      }
    },
    "@anypoint-web-components/anypoint-item": {
      "version": "1.0.5",
      "resolved": "https://registry.npmjs.org/@anypoint-web-components/anypoint-item/-/anypoint-item-1.0.5.tgz",
      "integrity": "sha512-zBl5JoPrN5fFNpgggGmew3wxXMULr0VKFBosbhWBtMtWCsjprNIL9yvxb1A1s8Xu/bgAkTOU+YxxCmAOM87vKw==",
      "requires": {
        "@anypoint-web-components/anypoint-control-mixins": "^1.0.2",
        "@anypoint-web-components/anypoint-styles": "^1.0.1",
        "lit-element": "^2.2.1",
        "lit-html": "^1.1.2"
      }
    },
    "@anypoint-web-components/anypoint-listbox": {
      "version": "1.0.4",
      "resolved": "https://registry.npmjs.org/@anypoint-web-components/anypoint-listbox/-/anypoint-listbox-1.0.4.tgz",
      "integrity": "sha512-ZUlZzSvFKQ2c19XKajNFSJlDR/CC9Z1eWRvxX11uURmawN2mkjarewPVcqJiPc10DbPWqG5mbsvSfS0cdXB1lA==",
      "requires": {
        "@anypoint-web-components/anypoint-menu-mixin": "^1.0.2",
        "lit-element": "^2.0.1",
        "lit-html": "^1.1.2"
      }
    },
    "@anypoint-web-components/anypoint-menu-button": {
      "version": "0.1.0",
      "resolved": "https://registry.npmjs.org/@anypoint-web-components/anypoint-menu-button/-/anypoint-menu-button-0.1.0.tgz",
      "integrity": "sha512-CdDnVR2oSQ/719pwmAMMeBf+cS27rLgJore10CWpRCgGrsPYPwUlPuc93vUjhMjyd43O0BASSEDiykj3a1njSg==",
      "requires": {
        "@anypoint-web-components/anypoint-control-mixins": "^1.0.2",
        "@anypoint-web-components/anypoint-dropdown": "^1.0.0",
        "lit-element": "^2.0.1",
        "lit-html": "^1.0.0"
      }
    },
    "@anypoint-web-components/anypoint-menu-mixin": {
      "version": "1.0.2",
      "resolved": "https://registry.npmjs.org/@anypoint-web-components/anypoint-menu-mixin/-/anypoint-menu-mixin-1.0.2.tgz",
      "integrity": "sha512-GdygV5V1IysZnGQoa4tcuqpQconElmVrNvGxhVsvxqRJyyCL9vUNQcvx+3986sNOJr6zhv6+U+lnZ49AMGSxjQ==",
      "requires": {
        "@anypoint-web-components/anypoint-selector": "^1.0.1",
        "lit-element": "^2.0.1",
        "lit-html": "^1.1.2"
      }
    },
    "@anypoint-web-components/anypoint-selector": {
      "version": "1.0.2",
      "resolved": "https://registry.npmjs.org/@anypoint-web-components/anypoint-selector/-/anypoint-selector-1.0.2.tgz",
      "integrity": "sha512-a97ZW+9DTdk7+/bHVu0gbm5Mblauzhx8fVlSAs8SKR/SSdgSVsUkkdDZjMgYRE7ugC7HmRcZpxVpl9JlqTspYw==",
      "requires": {
        "lit-element": "^2.0.1",
        "lit-html": "^1.1.2"
      }
    },
    "@anypoint-web-components/anypoint-styles": {
      "version": "1.0.1",
      "resolved": "https://registry.npmjs.org/@anypoint-web-components/anypoint-styles/-/anypoint-styles-1.0.1.tgz",
      "integrity": "sha512-sTsbaVSWuFEaOjFL+9t++E95rV+aQqtnbqqIEhhLei7P/z0v/ySfRxATnyjq6YgfHN0D2axZ3uk7l6nEN6YKHQ==",
      "requires": {
        "lit-element": "^2.2.1",
        "lit-html": "^1.1.2"
      }
    },
    "@anypoint-web-components/validatable-mixin": {
      "version": "1.0.2",
      "resolved": "https://registry.npmjs.org/@anypoint-web-components/validatable-mixin/-/validatable-mixin-1.0.2.tgz",
      "integrity": "sha512-i6AvxftvjAsKGx+pWFiHBsaQ2AneYAQ9fJ8+f2S4Yrxoj0/iINzXm6lT4TL6axpa0QU4+LTinPb8Y45X3M0JQA==",
      "requires": {
        "@polymer/iron-meta": "^3.0.1"
      }
    },
    "@polymer/iron-a11y-keys-behavior": {
      "version": "3.0.1",
      "resolved": "https://registry.npmjs.org/@polymer/iron-a11y-keys-behavior/-/iron-a11y-keys-behavior-3.0.1.tgz",
      "integrity": "sha512-lnrjKq3ysbBPT/74l0Fj0U9H9C35Tpw2C/tpJ8a+5g8Y3YJs1WSZYnEl1yOkw6sEyaxOq/1DkzH0+60gGu5/PQ==",
      "requires": {
        "@polymer/polymer": "^3.0.0"
      }
    },
    "@polymer/iron-flex-layout": {
      "version": "3.0.1",
      "resolved": "https://registry.npmjs.org/@polymer/iron-flex-layout/-/iron-flex-layout-3.0.1.tgz",
      "integrity": "sha512-7gB869czArF+HZcPTVSgvA7tXYFze9EKckvM95NB7SqYF+NnsQyhoXgKnpFwGyo95lUjUW9TFDLUwDXnCYFtkw==",
      "requires": {
        "@polymer/polymer": "^3.0.0"
      }
    },
    "@polymer/iron-icon": {
      "version": "3.0.1",
      "resolved": "https://registry.npmjs.org/@polymer/iron-icon/-/iron-icon-3.0.1.tgz",
      "integrity": "sha512-QLPwirk+UPZNaLnMew9VludXA4CWUCenRewgEcGYwdzVgDPCDbXxy6vRJjmweZobMQv/oVLppT2JZtJFnPxX6g==",
      "requires": {
        "@polymer/iron-flex-layout": "^3.0.0-pre.26",
        "@polymer/iron-meta": "^3.0.0-pre.26",
        "@polymer/polymer": "^3.0.0"
      }
    },
    "@polymer/iron-iconset-svg": {
      "version": "3.0.1",
      "resolved": "https://registry.npmjs.org/@polymer/iron-iconset-svg/-/iron-iconset-svg-3.0.1.tgz",
      "integrity": "sha512-XNwURbNHRw6u2fJe05O5fMYye6GSgDlDqCO+q6K1zAnKIrpgZwf2vTkBd5uCcZwsN0FyCB3mvNZx4jkh85dRDw==",
      "requires": {
        "@polymer/iron-meta": "^3.0.0-pre.26",
        "@polymer/polymer": "^3.0.0"
      }
    },
    "@polymer/iron-meta": {
      "version": "3.0.1",
      "resolved": "https://registry.npmjs.org/@polymer/iron-meta/-/iron-meta-3.0.1.tgz",
      "integrity": "sha512-pWguPugiLYmWFV9UWxLWzZ6gm4wBwQdDy4VULKwdHCqR7OP7u98h+XDdGZsSlDPv6qoryV/e3tGHlTIT0mbzJA==",
      "requires": {
        "@polymer/polymer": "^3.0.0"
      }
    },
    "@polymer/paper-ripple": {
      "version": "3.0.1",
      "resolved": "https://registry.npmjs.org/@polymer/paper-ripple/-/paper-ripple-3.0.1.tgz",
      "integrity": "sha512-dgOe12GyCF1VZBLUQqnzGWlf3xb255FajNCVB1VFj/AtskYtoamnafa7m3a+1vs+C8qbg4Benn5KwgxVDSW4cg==",
      "requires": {
        "@polymer/iron-a11y-keys-behavior": "^3.0.0-pre.26",
        "@polymer/polymer": "^3.0.0"
      }
    },
    "@polymer/polymer": {
      "version": "3.3.0",
      "resolved": "https://registry.npmjs.org/@polymer/polymer/-/polymer-3.3.0.tgz",
      "integrity": "sha512-rij7suomS7DxdBamnwr/Xa0V5hpypf7I9oYKseF2FWz5Xh2a3wJNpVjgJy1adXVCxqIyPhghsrthnfCt7EblsQ==",
      "requires": {
        "@webcomponents/shadycss": "^1.9.1"
      }
    },
    "@webcomponents/shadycss": {
      "version": "1.9.1",
      "resolved": "https://registry.npmjs.org/@webcomponents/shadycss/-/shadycss-1.9.1.tgz",
      "integrity": "sha512-IaZOnWOKXHghqk/WfPNDRIgDBi3RsVPY2IFAw6tYiL9UBGvQRy5R6uC+Fk7qTZsReTJ0xh5MTT8yAcb3MUR4mQ=="
    },
    "lit-element": {
      "version": "2.3.1",
      "resolved": "https://registry.npmjs.org/lit-element/-/lit-element-2.3.1.tgz",
      "integrity": "sha512-tOcUAmeO3BzwiQ7FGWdsshNvC0HVHcTFYw/TLIImmKwXYoV0E7zCBASa8IJ7DiP4cen/Yoj454gS0qqTnIGsFA==",
      "requires": {
        "lit-html": "^1.1.1"
      }
    },
    "lit-html": {
      "version": "1.1.2",
      "resolved": "https://registry.npmjs.org/lit-html/-/lit-html-1.1.2.tgz",
      "integrity": "sha512-FFlUMKHKi+qG1x1iHNZ1hrtc/zHmfYTyrSvs3/wBTvaNtpZjOZGWzU7efGYVpgp6KvWeKF6ql9/KsCq6Z/mEDA=="
    }
  }
}
